
Microsoft Visual Studio Solution File, Format Version 10.00
# Visual Studio 2008
Project("{FAE04EC0-301F-11D3-BF4B-00C04F79EFBC}") = "BlueMirror.Commons", "BlueMirror.Commons.csproj", "{6020286F-8C27-4E12-90B4-D3980814CB04}"
EndProject
Global
	GlobalSection(SourceCodeControl) = preSolution
		SccNumberOfProjects = 1
		SccProjectUniqueName0 = BlueMirror.Commons.csproj
		SccProjectName0 = \u0022$/BlueMirror.Commons\u0022,\u0020WYAAAAAA
		SccLocalPath0 = .
		SccProvider0 = MSSCCI:Microsoft\u0020Visual\u0020SourceSafe
	EndGlobalSection
	GlobalSection(SolutionConfigurationPlatforms) = preSolution
		Debug|Any CPU = Debug|Any CPU
		Release|Any CPU = Release|Any CPU
	EndGlobalSection
	GlobalSection(ProjectConfigurationPlatforms) = postSolution
		{6020286F-8C27-4E12-90B4-D3980814CB04}.Debug|Any CPU.ActiveCfg = Debug|Any CPU
		{6020286F-8C27-4E12-90B4-D3980814CB04}.Debug|Any CPU.Build.0 = Debug|Any CPU
		{6020286F-8C27-4E12-90B4-D3980814CB04}.Release|Any CPU.ActiveCfg = Release|Any CPU
		{6020286F-8C27-4E12-90B4-D3980814CB04}.Release|Any CPU.Build.0 = Release|Any CPU
	EndGlobalSection
	GlobalSection(SolutionProperties) = preSolution
		HideSolutionNode = FALSE
	EndGlobalSection
EndGlobal
